
Microsoft Visual Studio Solution File, Format Version 12.00
# Visual Studio Version 16
VisualStudioVersion = 16.0.29613.14
MinimumVisualStudioVersion = 10.0.40219.1
Project("{9A19103F-16F7-4668-BE54-9A1E7A4F7556}") = "ProjectGlobant", "ProjectGlobant\ProjectGlobant.csproj", "{FA11F9E3-5CD7-4B47-A409-6880F990621F}"
EndProject
Project("{9A19103F-16F7-4668-BE54-9A1E7A4F7556}") = "Entities", "Entities\Entities.csproj", "{46789EFC-933A-44CF-A118-05227A8980D6}"
EndProject
Project("{FAE04EC0-301F-11D3-BF4B-00C04F79EFBC}") = "Services", "Services\Services.csproj", "{F41EBCE9-6C80-4061-89EB-2EAD78D9E4EA}"
EndProject
Global
	GlobalSection(SolutionConfigurationPlatforms) = preSolution
		Debug|Any CPU = Debug|Any CPU
		Release|Any CPU = Release|Any CPU
	EndGlobalSection
	GlobalSection(ProjectConfigurationPlatforms) = postSolution
		{FA11F9E3-5CD7-4B47-A409-6880F990621F}.Debug|Any CPU.ActiveCfg = Debug|Any CPU
		{FA11F9E3-5CD7-4B47-A409-6880F990621F}.Debug|Any CPU.Build.0 = Debug|Any CPU
		{FA11F9E3-5CD7-4B47-A409-6880F990621F}.Release|Any CPU.ActiveCfg = Release|Any CPU
		{FA11F9E3-5CD7-4B47-A409-6880F990621F}.Release|Any CPU.Build.0 = Release|Any CPU
		{46789EFC-933A-44CF-A118-05227A8980D6}.Debug|Any CPU.ActiveCfg = Debug|Any CPU
		{46789EFC-933A-44CF-A118-05227A8980D6}.Debug|Any CPU.Build.0 = Debug|Any CPU
		{46789EFC-933A-44CF-A118-05227A8980D6}.Release|Any CPU.ActiveCfg = Release|Any CPU
		{46789EFC-933A-44CF-A118-05227A8980D6}.Release|Any CPU.Build.0 = Release|Any CPU
		{F41EBCE9-6C80-4061-89EB-2EAD78D9E4EA}.Debug|Any CPU.ActiveCfg = Debug|Any CPU
		{F41EBCE9-6C80-4061-89EB-2EAD78D9E4EA}.Debug|Any CPU.Build.0 = Debug|Any CPU
		{F41EBCE9-6C80-4061-89EB-2EAD78D9E4EA}.Release|Any CPU.ActiveCfg = Release|Any CPU
		{F41EBCE9-6C80-4061-89EB-2EAD78D9E4EA}.Release|Any CPU.Build.0 = Release|Any CPU
	EndGlobalSection
	GlobalSection(SolutionProperties) = preSolution
		HideSolutionNode = FALSE
	EndGlobalSection
	GlobalSection(ExtensibilityGlobals) = postSolution
		SolutionGuid = {69C8DFB6-DA1F-4E3C-9BD3-CAC83A8F6362}
	EndGlobalSection
EndGlobal
